
Microsoft Visual Studio Solution File, Format Version 12.00
# Visual Studio 15
Project("{FAE04EC0-301F-11D3-BF4B-00C04F79EFBC}") = "Tryout1_Mia_Huljanah", "Tryout_Mia_Huljanah\Tryout1_Mia_Huljanah.csproj", "{42DB4D29-D78F-40CC-8B09-5A5D4790BAC6}"
EndProject
Global
	GlobalSection(SolutionConfigurationPlatforms) = preSolution
		Debug|Any CPU = Debug|Any CPU
		Release|Any CPU = Release|Any CPU
	EndGlobalSection
	GlobalSection(ProjectConfigurationPlatforms) = postSolution
		{42DB4D29-D78F-40CC-8B09-5A5D4790BAC6}.Debug|Any CPU.ActiveCfg = Debug|Any CPU
		{42DB4D29-D78F-40CC-8B09-5A5D4790BAC6}.Debug|Any CPU.Build.0 = Debug|Any CPU
		{42DB4D29-D78F-40CC-8B09-5A5D4790BAC6}.Release|Any CPU.ActiveCfg = Release|Any CPU
		{42DB4D29-D78F-40CC-8B09-5A5D4790BAC6}.Release|Any CPU.Build.0 = Release|Any CPU
	EndGlobalSection
EndGlobal
